
Microsoft Visual Studio Solution File, Format Version 12.00
# Visual Studio Version 17
VisualStudioVersion = 17.5.002.0
MinimumVisualStudioVersion = 10.0.40219.1
Project("{9A19103F-16F7-4668-BE54-9A1E7A4F7556}") = "Stopwatch", "Stopwatch.csproj", "{B1D8DB6E-3320-45E4-B08E-EBAC8B2F51AF}"
EndProject
Global
	GlobalSection(SolutionConfigurationPlatforms) = preSolution
		Debug|Any CPU = Debug|Any CPU
		Release|Any CPU = Release|Any CPU
	EndGlobalSection
	GlobalSection(ProjectConfigurationPlatforms) = postSolution
		{B1D8DB6E-3320-45E4-B08E-EBAC8B2F51AF}.Debug|Any CPU.ActiveCfg = Debug|Any CPU
		{B1D8DB6E-3320-45E4-B08E-EBAC8B2F51AF}.Debug|Any CPU.Build.0 = Debug|Any CPU
		{B1D8DB6E-3320-45E4-B08E-EBAC8B2F51AF}.Release|Any CPU.ActiveCfg = Release|Any CPU
		{B1D8DB6E-3320-45E4-B08E-EBAC8B2F51AF}.Release|Any CPU.Build.0 = Release|Any CPU
	EndGlobalSection
	GlobalSection(SolutionProperties) = preSolution
		HideSolutionNode = FALSE
	EndGlobalSection
	GlobalSection(ExtensibilityGlobals) = postSolution
		SolutionGuid = {E5190C94-619E-403B-B5DD-351AAB28FBC8}
	EndGlobalSection
EndGlobal
